// !$*UTF8*$!
{
	archiveVersion = 1;
	classes = {
	};
	objectVersion = 46;
	objects = {

/* Begin PBXBuildFile section */
		EB2C21F3201D80860090F94D /* libcugl-mac.a in Frameworks */ = {isa = PBXBuildFile; fileRef = EB2C21EE201D807A0090F94D /* libcugl-mac.a */; };
		EB2C21FD201D80D70090F94D /* AudioToolbox.framework in Frameworks */ = {isa = PBXBuildFile; fileRef = EB2C21F9201D80D60090F94D /* AudioToolbox.framework */; };
		EB2C21FE201D80D70090F94D /* CoreAudio.framework in Frameworks */ = {isa = PBXBuildFile; fileRef = EB2C21FA201D80D60090F94D /* CoreAudio.framework */; };
		EB2C21FF201D80D70090F94D /* Accelerate.framework in Frameworks */ = {isa = PBXBuildFile; fileRef = EB2C21FB201D80D60090F94D /* Accelerate.framework */; };
		EB2C2200201D80D70090F94D /* AVFoundation.framework in Frameworks */ = {isa = PBXBuildFile; fileRef = EB2C21FC201D80D70090F94D /* AVFoundation.framework */; };
		EB2C220B201D81020090F94D /* CoreGraphics.framework in Frameworks */ = {isa = PBXBuildFile; fileRef = EB2C2201201D81000090F94D /* CoreGraphics.framework */; };
		EB2C220C201D81020090F94D /* ImageIO.framework in Frameworks */ = {isa = PBXBuildFile; fileRef = EB2C2202201D81000090F94D /* ImageIO.framework */; };
		EB2C220D201D81020090F94D /* CoreMotion.framework in Frameworks */ = {isa = PBXBuildFile; fileRef = EB2C2203201D81000090F94D /* CoreMotion.framework */; };
		EB2C220E201D81020090F94D /* MobileCoreServices.framework in Frameworks */ = {isa = PBXBuildFile; fileRef = EB2C2204201D81000090F94D /* MobileCoreServices.framework */; };
		EB2C220F201D81020090F94D /* OpenGLES.framework in Frameworks */ = {isa = PBXBuildFile; fileRef = EB2C2205201D81010090F94D /* OpenGLES.framework */; };
		EB2C2210201D81020090F94D /* CoreVideo.framework in Frameworks */ = {isa = PBXBuildFile; fileRef = EB2C2206201D81010090F94D /* CoreVideo.framework */; };
		EB2C2211201D81020090F94D /* Foundation.framework in Frameworks */ = {isa = PBXBuildFile; fileRef = EB2C2207201D81010090F94D /* Foundation.framework */; };
		EB2C2212201D81020090F94D /* GameController.framework in Frameworks */ = {isa = PBXBuildFile; fileRef = EB2C2208201D81010090F94D /* GameController.framework */; };
		EB2C2213201D81020090F94D /* QuartzCore.framework in Frameworks */ = {isa = PBXBuildFile; fileRef = EB2C2209201D81010090F94D /* QuartzCore.framework */; };
		EB2C2214201D81020090F94D /* UIKit.framework in Frameworks */ = {isa = PBXBuildFile; fileRef = EB2C220A201D81010090F94D /* UIKit.framework */; };
		EB2C2215201D81420090F94D /* libcugl-ios.a in Frameworks */ = {isa = PBXBuildFile; fileRef = EB2C21F0201D807A0090F94D /* libcugl-ios.a */; };
		EB350D301E05CC6400820A6F /* Mac.xcassets in Resources */ = {isa = PBXBuildFile; fileRef = EBB1AC3C1DF8C8B600C353B0 /* Mac.xcassets */; };
		EB59D52E1E25281300A93BB5 /* fonts in Resources */ = {isa = PBXBuildFile; fileRef = EB59D52B1E25281300A93BB5 /* fonts */; };
		EB59D52F1E25281300A93BB5 /* json in Resources */ = {isa = PBXBuildFile; fileRef = EB59D52C1E25281300A93BB5 /* json */; };
		EB59D5301E25281300A93BB5 /* textures in Resources */ = {isa = PBXBuildFile; fileRef = EB59D52D1E25281300A93BB5 /* textures */; };
		EB59D5331E25282F00A93BB5 /* SDApp.cpp in Sources */ = {isa = PBXBuildFile; fileRef = EB59D5311E25282F00A93BB5 /* SDApp.cpp */; };
		EB59D5371E252F2900A93BB5 /* SDGameScene.cpp in Sources */ = {isa = PBXBuildFile; fileRef = EB59D5351E252F2900A93BB5 /* SDGameScene.cpp */; };
		EB59D53A1E25398C00A93BB5 /* SDShipModel.cpp in Sources */ = {isa = PBXBuildFile; fileRef = EB59D5381E25398C00A93BB5 /* SDShipModel.cpp */; };
		EB59D53D1E254A0300A93BB5 /* SDInput.cpp in Sources */ = {isa = PBXBuildFile; fileRef = EB59D53B1E254A0300A93BB5 /* SDInput.cpp */; };
		EB59D5401E255CD500A93BB5 /* SDLoadingScene.cpp in Sources */ = {isa = PBXBuildFile; fileRef = EB59D53E1E255CD500A93BB5 /* SDLoadingScene.cpp */; };
		EBB1AC2D1DF8C76D00C353B0 /* main.cpp in Sources */ = {isa = PBXBuildFile; fileRef = EBB1AC2B1DF8C76D00C353B0 /* main.cpp */; };
		EBB1AC451DF8C91C00C353B0 /* IOKit.framework in Frameworks */ = {isa = PBXBuildFile; fileRef = EBB1AC441DF8C91C00C353B0 /* IOKit.framework */; };
		EBB1AC471DF8C92600C353B0 /* ForceFeedback.framework in Frameworks */ = {isa = PBXBuildFile; fileRef = EBB1AC461DF8C92600C353B0 /* ForceFeedback.framework */; };
		EBB1AC4A1DF8C92C00C353B0 /* AudioToolbox.framework in Frameworks */ = {isa = PBXBuildFile; fileRef = EBB1AC481DF8C92C00C353B0 /* AudioToolbox.framework */; };
		EBB1AC4B1DF8C92C00C353B0 /* AudioUnit.framework in Frameworks */ = {isa = PBXBuildFile; fileRef = EBB1AC491DF8C92C00C353B0 /* AudioUnit.framework */; };
		EBB1AC4F1DF8C94800C353B0 /* CoreAudio.framework in Frameworks */ = {isa = PBXBuildFile; fileRef = EBB1AC4C1DF8C94800C353B0 /* CoreAudio.framework */; };
		EBB1AC501DF8C94800C353B0 /* CoreVideo.framework in Frameworks */ = {isa = PBXBuildFile; fileRef = EBB1AC4D1DF8C94800C353B0 /* CoreVideo.framework */; };
		EBB1AC511DF8C94800C353B0 /* OpenGL.framework in Frameworks */ = {isa = PBXBuildFile; fileRef = EBB1AC4E1DF8C94800C353B0 /* OpenGL.framework */; };
		EBB1AC531DF8C95400C353B0 /* Accelerate.framework in Frameworks */ = {isa = PBXBuildFile; fileRef = EBB1AC521DF8C95400C353B0 /* Accelerate.framework */; };
		EBB1AC561DF8C96100C353B0 /* Carbon.framework in Frameworks */ = {isa = PBXBuildFile; fileRef = EBB1AC541DF8C96100C353B0 /* Carbon.framework */; };
		EBB1AC571DF8C96100C353B0 /* Cocoa.framework in Frameworks */ = {isa = PBXBuildFile; fileRef = EBB1AC551DF8C96100C353B0 /* Cocoa.framework */; };
		EBC147621E280820005494CE /* fonts in Resources */ = {isa = PBXBuildFile; fileRef = EB59D52B1E25281300A93BB5 /* fonts */; };
		EBC147631E280820005494CE /* json in Resources */ = {isa = PBXBuildFile; fileRef = EB59D52C1E25281300A93BB5 /* json */; };
		EBC147641E280820005494CE /* textures in Resources */ = {isa = PBXBuildFile; fileRef = EB59D52D1E25281300A93BB5 /* textures */; };
		EBC147651E280820005494CE /* iOS.xcassets in Resources */ = {isa = PBXBuildFile; fileRef = EBB1AC391DF8C8B600C353B0 /* iOS.xcassets */; };
		EBC147661E280820005494CE /* Landscape.storyboard in Resources */ = {isa = PBXBuildFile; fileRef = EBB1AC3A1DF8C8B600C353B0 /* Landscape.storyboard */; };
		EBC147671E280820005494CE /* Portrait.storyboard in Resources */ = {isa = PBXBuildFile; fileRef = EBB1AC3D1DF8C8B600C353B0 /* Portrait.storyboard */; };
		EBC147681E280994005494CE /* main.cpp in Sources */ = {isa = PBXBuildFile; fileRef = EBB1AC2B1DF8C76D00C353B0 /* main.cpp */; };
		EBC147691E280994005494CE /* SDApp.cpp in Sources */ = {isa = PBXBuildFile; fileRef = EB59D5311E25282F00A93BB5 /* SDApp.cpp */; };
		EBC1476A1E280994005494CE /* SDGameScene.cpp in Sources */ = {isa = PBXBuildFile; fileRef = EB59D5351E252F2900A93BB5 /* SDGameScene.cpp */; };
		EBC1476B1E280994005494CE /* SDShipModel.cpp in Sources */ = {isa = PBXBuildFile; fileRef = EB59D5381E25398C00A93BB5 /* SDShipModel.cpp */; };
		EBC1476C1E280994005494CE /* SDInput.cpp in Sources */ = {isa = PBXBuildFile; fileRef = EB59D53B1E254A0300A93BB5 /* SDInput.cpp */; };
		EBC1476D1E280994005494CE /* SDLoadingScene.cpp in Sources */ = {isa = PBXBuildFile; fileRef = EB59D53E1E255CD500A93BB5 /* SDLoadingScene.cpp */; };
		EBC1476F1E280A56005494CE /* CoreGraphics.framework in Frameworks */ = {isa = PBXBuildFile; fileRef = EBC1476E1E280A56005494CE /* CoreGraphics.framework */; };
		EBC147711E280A68005494CE /* ImageIO.framework in Frameworks */ = {isa = PBXBuildFile; fileRef = EBC147701E280A68005494CE /* ImageIO.framework */; };
		EBE28ECE1DFEDCFA00C059A7 /* AVFoundation.framework in Frameworks */ = {isa = PBXBuildFile; fileRef = EBE28ECD1DFEDCFA00C059A7 /* AVFoundation.framework */; };
/* End PBXBuildFile section */

/* Begin PBXContainerItemProxy section */
		EB2C21ED201D807A0090F94D /* PBXContainerItemProxy */ = {
			isa = PBXContainerItemProxy;
			containerPortal = EB2C21E6201D807A0090F94D /* CUGL.xcodeproj */;
			proxyType = 2;
			remoteGlobalIDString = EBBF18071D7485D1008E2001;
			remoteInfo = "cugl-mac";
		};
		EB2C21EF201D807A0090F94D /* PBXContainerItemProxy */ = {
			isa = PBXContainerItemProxy;
			containerPortal = EB2C21E6201D807A0090F94D /* CUGL.xcodeproj */;
			proxyType = 2;
			remoteGlobalIDString = EB7453D71D74B0C5002FBAE6;
			remoteInfo = "cugl-ios";
		};
		EB2C21F1201D807A0090F94D /* PBXContainerItemProxy */ = {
			isa = PBXContainerItemProxy;
			containerPortal = EB2C21E6201D807A0090F94D /* CUGL.xcodeproj */;
			proxyType = 2;
			remoteGlobalIDString = EB0FF5652016EC7E00517030;
			remoteInfo = "cugl-sim";
		};
/* End PBXContainerItemProxy section */

/* Begin PBXFileReference section */
		EB2C21E6201D807A0090F94D /* CUGL.xcodeproj */ = {isa = PBXFileReference; lastKnownFileType = "wrapper.pb-project"; name = CUGL.xcodeproj; path = "../cugl/build-apple/CUGL.xcodeproj"; sourceTree = "<group>"; };
		EB2C21F9201D80D60090F94D /* AudioToolbox.framework */ = {isa = PBXFileReference; lastKnownFileType = wrapper.framework; name = AudioToolbox.framework; path = Platforms/iPhoneOS.platform/Developer/SDKs/iPhoneOS11.2.sdk/System/Library/Frameworks/AudioToolbox.framework; sourceTree = DEVELOPER_DIR; };
		EB2C21FA201D80D60090F94D /* CoreAudio.framework */ = {isa = PBXFileReference; lastKnownFileType = wrapper.framework; name = CoreAudio.framework; path = Platforms/iPhoneOS.platform/Developer/SDKs/iPhoneOS11.2.sdk/System/Library/Frameworks/CoreAudio.framework; sourceTree = DEVELOPER_DIR; };
		EB2C21FB201D80D60090F94D /* Accelerate.framework */ = {isa = PBXFileReference; lastKnownFileType = wrapper.framework; name = Accelerate.framework; path = Platforms/iPhoneOS.platform/Developer/SDKs/iPhoneOS11.2.sdk/System/Library/Frameworks/Accelerate.framework; sourceTree = DEVELOPER_DIR; };
		EB2C21FC201D80D70090F94D /* AVFoundation.framework */ = {isa = PBXFileReference; lastKnownFileType = wrapper.framework; name = AVFoundation.framework; path = Platforms/iPhoneOS.platform/Developer/SDKs/iPhoneOS11.2.sdk/System/Library/Frameworks/AVFoundation.framework; sourceTree = DEVELOPER_DIR; };
		EB2C2201201D81000090F94D /* CoreGraphics.framework */ = {isa = PBXFileReference; lastKnownFileType = wrapper.framework; name = CoreGraphics.framework; path = Platforms/iPhoneOS.platform/Developer/SDKs/iPhoneOS11.2.sdk/System/Library/Frameworks/CoreGraphics.framework; sourceTree = DEVELOPER_DIR; };
		EB2C2202201D81000090F94D /* ImageIO.framework */ = {isa = PBXFileReference; lastKnownFileType = wrapper.framework; name = ImageIO.framework; path = Platforms/iPhoneOS.platform/Developer/SDKs/iPhoneOS11.2.sdk/System/Library/Frameworks/ImageIO.framework; sourceTree = DEVELOPER_DIR; };
		EB2C2203201D81000090F94D /* CoreMotion.framework */ = {isa = PBXFileReference; lastKnownFileType = wrapper.framework; name = CoreMotion.framework; path = Platforms/iPhoneOS.platform/Developer/SDKs/iPhoneOS11.2.sdk/System/Library/Frameworks/CoreMotion.framework; sourceTree = DEVELOPER_DIR; };
		EB2C2204201D81000090F94D /* MobileCoreServices.framework */ = {isa = PBXFileReference; lastKnownFileType = wrapper.framework; name = MobileCoreServices.framework; path = Platforms/iPhoneOS.platform/Developer/SDKs/iPhoneOS11.2.sdk/System/Library/Frameworks/MobileCoreServices.framework; sourceTree = DEVELOPER_DIR; };
		EB2C2205201D81010090F94D /* OpenGLES.framework */ = {isa = PBXFileReference; lastKnownFileType = wrapper.framework; name = OpenGLES.framework; path = Platforms/iPhoneOS.platform/Developer/SDKs/iPhoneOS11.2.sdk/System/Library/Frameworks/OpenGLES.framework; sourceTree = DEVELOPER_DIR; };
		EB2C2206201D81010090F94D /* CoreVideo.framework */ = {isa = PBXFileReference; lastKnownFileType = wrapper.framework; name = CoreVideo.framework; path = Platforms/iPhoneOS.platform/Developer/SDKs/iPhoneOS11.2.sdk/System/Library/Frameworks/CoreVideo.framework; sourceTree = DEVELOPER_DIR; };
		EB2C2207201D81010090F94D /* Foundation.framework */ = {isa = PBXFileReference; lastKnownFileType = wrapper.framework; name = Foundation.framework; path = Platforms/iPhoneOS.platform/Developer/SDKs/iPhoneOS11.2.sdk/System/Library/Frameworks/Foundation.framework; sourceTree = DEVELOPER_DIR; };
		EB2C2208201D81010090F94D /* GameController.framework */ = {isa = PBXFileReference; lastKnownFileType = wrapper.framework; name = GameController.framework; path = Platforms/iPhoneOS.platform/Developer/SDKs/iPhoneOS11.2.sdk/System/Library/Frameworks/GameController.framework; sourceTree = DEVELOPER_DIR; };
		EB2C2209201D81010090F94D /* QuartzCore.framework */ = {isa = PBXFileReference; lastKnownFileType = wrapper.framework; name = QuartzCore.framework; path = Platforms/iPhoneOS.platform/Developer/SDKs/iPhoneOS11.2.sdk/System/Library/Frameworks/QuartzCore.framework; sourceTree = DEVELOPER_DIR; };
		EB2C220A201D81010090F94D /* UIKit.framework */ = {isa = PBXFileReference; lastKnownFileType = wrapper.framework; name = UIKit.framework; path = Platforms/iPhoneOS.platform/Developer/SDKs/iPhoneOS11.2.sdk/System/Library/Frameworks/UIKit.framework; sourceTree = DEVELOPER_DIR; };
		EB59D52B1E25281300A93BB5 /* fonts */ = {isa = PBXFileReference; lastKnownFileType = folder; path = fonts; sourceTree = "<group>"; };
		EB59D52C1E25281300A93BB5 /* json */ = {isa = PBXFileReference; lastKnownFileType = folder; path = json; sourceTree = "<group>"; };
		EB59D52D1E25281300A93BB5 /* textures */ = {isa = PBXFileReference; lastKnownFileType = folder; path = textures; sourceTree = "<group>"; };
		EB59D5311E25282F00A93BB5 /* SDApp.cpp */ = {isa = PBXFileReference; fileEncoding = 4; lastKnownFileType = sourcecode.cpp.cpp; path = SDApp.cpp; sourceTree = "<group>"; };
		EB59D5321E25282F00A93BB5 /* SDApp.h */ = {isa = PBXFileReference; fileEncoding = 4; lastKnownFileType = sourcecode.c.h; path = SDApp.h; sourceTree = "<group>"; };
		EB59D5351E252F2900A93BB5 /* SDGameScene.cpp */ = {isa = PBXFileReference; fileEncoding = 4; lastKnownFileType = sourcecode.cpp.cpp; path = SDGameScene.cpp; sourceTree = "<group>"; };
		EB59D5361E252F2900A93BB5 /* SDGameScene.h */ = {isa = PBXFileReference; fileEncoding = 4; lastKnownFileType = sourcecode.c.h; path = SDGameScene.h; sourceTree = "<group>"; };
		EB59D5381E25398C00A93BB5 /* SDShipModel.cpp */ = {isa = PBXFileReference; fileEncoding = 4; lastKnownFileType = sourcecode.cpp.cpp; path = SDShipModel.cpp; sourceTree = "<group>"; };
		EB59D5391E25398C00A93BB5 /* SDShipModel.h */ = {isa = PBXFileReference; fileEncoding = 4; lastKnownFileType = sourcecode.c.h; path = SDShipModel.h; sourceTree = "<group>"; };
		EB59D53B1E254A0300A93BB5 /* SDInput.cpp */ = {isa = PBXFileReference; fileEncoding = 4; lastKnownFileType = sourcecode.cpp.cpp; path = SDInput.cpp; sourceTree = "<group>"; };
		EB59D53C1E254A0300A93BB5 /* SDInput.h */ = {isa = PBXFileReference; fileEncoding = 4; lastKnownFileType = sourcecode.c.h; path = SDInput.h; sourceTree = "<group>"; };
		EB59D53E1E255CD500A93BB5 /* SDLoadingScene.cpp */ = {isa = PBXFileReference; fileEncoding = 4; lastKnownFileType = sourcecode.cpp.cpp; path = SDLoadingScene.cpp; sourceTree = "<group>"; };
		EB59D53F1E255CD500A93BB5 /* SDLoadingScene.h */ = {isa = PBXFileReference; fileEncoding = 4; lastKnownFileType = sourcecode.c.h; path = SDLoadingScene.h; sourceTree = "<group>"; };
		EBB1AC061DF8C6BC00C353B0 /* Ship Demo (Mac).app */ = {isa = PBXFileReference; explicitFileType = wrapper.application; includeInIndex = 0; path = "Ship Demo (Mac).app"; sourceTree = BUILT_PRODUCTS_DIR; };
		EBB1AC2B1DF8C76D00C353B0 /* main.cpp */ = {isa = PBXFileReference; fileEncoding = 4; lastKnownFileType = sourcecode.cpp.cpp; path = main.cpp; sourceTree = "<group>"; };
		EBB1AC381DF8C8B600C353B0 /* iOS-Info.plist */ = {isa = PBXFileReference; fileEncoding = 4; lastKnownFileType = text.plist.xml; path = "iOS-Info.plist"; sourceTree = "<group>"; };
		EBB1AC391DF8C8B600C353B0 /* iOS.xcassets */ = {isa = PBXFileReference; lastKnownFileType = folder.assetcatalog; path = iOS.xcassets; sourceTree = "<group>"; };
		EBB1AC3A1DF8C8B600C353B0 /* Landscape.storyboard */ = {isa = PBXFileReference; fileEncoding = 4; lastKnownFileType = file.storyboard; path = Landscape.storyboard; sourceTree = "<group>"; };
		EBB1AC3B1DF8C8B600C353B0 /* Mac-Info.plist */ = {isa = PBXFileReference; fileEncoding = 4; lastKnownFileType = text.plist.xml; path = "Mac-Info.plist"; sourceTree = "<group>"; };
		EBB1AC3C1DF8C8B600C353B0 /* Mac.xcassets */ = {isa = PBXFileReference; lastKnownFileType = folder.assetcatalog; path = Mac.xcassets; sourceTree = "<group>"; };
		EBB1AC3D1DF8C8B600C353B0 /* Portrait.storyboard */ = {isa = PBXFileReference; fileEncoding = 4; lastKnownFileType = file.storyboard; path = Portrait.storyboard; sourceTree = "<group>"; };
		EBB1AC441DF8C91C00C353B0 /* IOKit.framework */ = {isa = PBXFileReference; lastKnownFileType = wrapper.framework; name = IOKit.framework; path = System/Library/Frameworks/IOKit.framework; sourceTree = SDKROOT; };
		EBB1AC461DF8C92600C353B0 /* ForceFeedback.framework */ = {isa = PBXFileReference; lastKnownFileType = wrapper.framework; name = ForceFeedback.framework; path = System/Library/Frameworks/ForceFeedback.framework; sourceTree = SDKROOT; };
		EBB1AC481DF8C92C00C353B0 /* AudioToolbox.framework */ = {isa = PBXFileReference; lastKnownFileType = wrapper.framework; name = AudioToolbox.framework; path = System/Library/Frameworks/AudioToolbox.framework; sourceTree = SDKROOT; };
		EBB1AC491DF8C92C00C353B0 /* AudioUnit.framework */ = {isa = PBXFileReference; lastKnownFileType = wrapper.framework; name = AudioUnit.framework; path = System/Library/Frameworks/AudioUnit.framework; sourceTree = SDKROOT; };
		EBB1AC4C1DF8C94800C353B0 /* CoreAudio.framework */ = {isa = PBXFileReference; lastKnownFileType = wrapper.framework; name = CoreAudio.framework; path = System/Library/Frameworks/CoreAudio.framework; sourceTree = SDKROOT; };
		EBB1AC4D1DF8C94800C353B0 /* CoreVideo.framework */ = {isa = PBXFileReference; lastKnownFileType = wrapper.framework; name = CoreVideo.framework; path = System/Library/Frameworks/CoreVideo.framework; sourceTree = SDKROOT; };
		EBB1AC4E1DF8C94800C353B0 /* OpenGL.framework */ = {isa = PBXFileReference; lastKnownFileType = wrapper.framework; name = OpenGL.framework; path = System/Library/Frameworks/OpenGL.framework; sourceTree = SDKROOT; };
		EBB1AC521DF8C95400C353B0 /* Accelerate.framework */ = {isa = PBXFileReference; lastKnownFileType = wrapper.framework; name = Accelerate.framework; path = System/Library/Frameworks/Accelerate.framework; sourceTree = SDKROOT; };
		EBB1AC541DF8C96100C353B0 /* Carbon.framework */ = {isa = PBXFileReference; lastKnownFileType = wrapper.framework; name = Carbon.framework; path = System/Library/Frameworks/Carbon.framework; sourceTree = SDKROOT; };
		EBB1AC551DF8C96100C353B0 /* Cocoa.framework */ = {isa = PBXFileReference; lastKnownFileType = wrapper.framework; name = Cocoa.framework; path = System/Library/Frameworks/Cocoa.framework; sourceTree = SDKROOT; };
		EBC147451E280687005494CE /* Ship Demo (iOS).app */ = {isa = PBXFileReference; explicitFileType = wrapper.application; includeInIndex = 0; path = "Ship Demo (iOS).app"; sourceTree = BUILT_PRODUCTS_DIR; };
		EBC1476E1E280A56005494CE /* CoreGraphics.framework */ = {isa = PBXFileReference; lastKnownFileType = wrapper.framework; name = CoreGraphics.framework; path = System/Library/Frameworks/CoreGraphics.framework; sourceTree = SDKROOT; };
		EBC147701E280A68005494CE /* ImageIO.framework */ = {isa = PBXFileReference; lastKnownFileType = wrapper.framework; name = ImageIO.framework; path = System/Library/Frameworks/ImageIO.framework; sourceTree = SDKROOT; };
		EBE28ECD1DFEDCFA00C059A7 /* AVFoundation.framework */ = {isa = PBXFileReference; lastKnownFileType = wrapper.framework; name = AVFoundation.framework; path = System/Library/Frameworks/AVFoundation.framework; sourceTree = SDKROOT; };
/* End PBXFileReference section */

/* Begin PBXFrameworksBuildPhase section */
		EBB1AC031DF8C6BC00C353B0 /* Frameworks */ = {
			isa = PBXFrameworksBuildPhase;
			buildActionMask = 2147483647;
			files = (
				EB2C21F3201D80860090F94D /* libcugl-mac.a in Frameworks */,
				EBB1AC561DF8C96100C353B0 /* Carbon.framework in Frameworks */,
				EBB1AC571DF8C96100C353B0 /* Cocoa.framework in Frameworks */,
				EBE28ECE1DFEDCFA00C059A7 /* AVFoundation.framework in Frameworks */,
				EBB1AC531DF8C95400C353B0 /* Accelerate.framework in Frameworks */,
				EBB1AC4F1DF8C94800C353B0 /* CoreAudio.framework in Frameworks */,
				EBC1476F1E280A56005494CE /* CoreGraphics.framework in Frameworks */,
				EBB1AC501DF8C94800C353B0 /* CoreVideo.framework in Frameworks */,
				EBB1AC511DF8C94800C353B0 /* OpenGL.framework in Frameworks */,
				EBB1AC4B1DF8C92C00C353B0 /* AudioUnit.framework in Frameworks */,
				EBB1AC4A1DF8C92C00C353B0 /* AudioToolbox.framework in Frameworks */,
				EBB1AC451DF8C91C00C353B0 /* IOKit.framework in Frameworks */,
				EBC147711E280A68005494CE /* ImageIO.framework in Frameworks */,
				EBB1AC471DF8C92600C353B0 /* ForceFeedback.framework in Frameworks */,
			);
			runOnlyForDeploymentPostprocessing = 0;
		};
		EBC147421E280687005494CE /* Frameworks */ = {
			isa = PBXFrameworksBuildPhase;
			buildActionMask = 2147483647;
			files = (
				EB2C2215201D81420090F94D /* libcugl-ios.a in Frameworks */,
				EB2C2211201D81020090F94D /* Foundation.framework in Frameworks */,
				EB2C21FF201D80D70090F94D /* Accelerate.framework in Frameworks */,
				EB2C220E201D81020090F94D /* MobileCoreServices.framework in Frameworks */,
				EB2C21FE201D80D70090F94D /* CoreAudio.framework in Frameworks */,
				EB2C2210201D81020090F94D /* CoreVideo.framework in Frameworks */,
				EB2C220B201D81020090F94D /* CoreGraphics.framework in Frameworks */,
				EB2C220D201D81020090F94D /* CoreMotion.framework in Frameworks */,
				EB2C21FD201D80D70090F94D /* AudioToolbox.framework in Frameworks */,
				EB2C2200201D80D70090F94D /* AVFoundation.framework in Frameworks */,
				EB2C2213201D81020090F94D /* QuartzCore.framework in Frameworks */,
				EB2C220F201D81020090F94D /* OpenGLES.framework in Frameworks */,
				EB2C2214201D81020090F94D /* UIKit.framework in Frameworks */,
				EB2C220C201D81020090F94D /* ImageIO.framework in Frameworks */,
				EB2C2212201D81020090F94D /* GameController.framework in Frameworks */,
			);
			runOnlyForDeploymentPostprocessing = 0;
		};
/* End PBXFrameworksBuildPhase section */

/* Begin PBXGroup section */
		EB2C21E7201D807A0090F94D /* Products */ = {
			isa = PBXGroup;
			children = (
				EB2C21EE201D807A0090F94D /* libcugl-mac.a */,
				EB2C21F0201D807A0090F94D /* libcugl-ios.a */,
				EB2C21F2201D807A0090F94D /* libcugl-sim.a */,
			);
			name = Products;
			sourceTree = "<group>";
		};
		EBB1ABFD1DF8C6BC00C353B0 = {
			isa = PBXGroup;
			children = (
				EBB1AC281DF8C75400C353B0 /* Source */,
				EBB1AC2E1DF8C81D00C353B0 /* Assets */,
				EBB1AC341DF8C86C00C353B0 /* Resources */,
				EBB1AC351DF8C87400C353B0 /* Frameworks */,
				EBB1AC071DF8C6BC00C353B0 /* Products */,
				EB2C21E6201D807A0090F94D /* CUGL.xcodeproj */,
			);
			sourceTree = "<group>";
		};
		EBB1AC071DF8C6BC00C353B0 /* Products */ = {
			isa = PBXGroup;
			children = (
				EBB1AC061DF8C6BC00C353B0 /* Ship Demo (Mac).app */,
				EBC147451E280687005494CE /* Ship Demo (iOS).app */,
			);
			name = Products;
			sourceTree = "<group>";
		};
		EBB1AC281DF8C75400C353B0 /* Source */ = {
			isa = PBXGroup;
			children = (
				EBB1AC2B1DF8C76D00C353B0 /* main.cpp */,
				EB59D5321E25282F00A93BB5 /* SDApp.h */,
				EB59D5311E25282F00A93BB5 /* SDApp.cpp */,
				EB59D53F1E255CD500A93BB5 /* SDLoadingScene.h */,
				EB59D53E1E255CD500A93BB5 /* SDLoadingScene.cpp */,
				EB59D5361E252F2900A93BB5 /* SDGameScene.h */,
				EB59D5351E252F2900A93BB5 /* SDGameScene.cpp */,
				EB59D5391E25398C00A93BB5 /* SDShipModel.h */,
				EB59D5381E25398C00A93BB5 /* SDShipModel.cpp */,
				EB59D53C1E254A0300A93BB5 /* SDInput.h */,
				EB59D53B1E254A0300A93BB5 /* SDInput.cpp */,
			);
			name = Source;
			path = ../source;
			sourceTree = "<group>";
		};
		EBB1AC2E1DF8C81D00C353B0 /* Assets */ = {
			isa = PBXGroup;
			children = (
				EB59D52B1E25281300A93BB5 /* fonts */,
				EB59D52C1E25281300A93BB5 /* json */,
				EB59D52D1E25281300A93BB5 /* textures */,
			);
			name = Assets;
			path = ../assets;
			sourceTree = "<group>";
		};
		EBB1AC341DF8C86C00C353B0 /* Resources */ = {
			isa = PBXGroup;
			children = (
				EBB1AC381DF8C8B600C353B0 /* iOS-Info.plist */,
				EBB1AC391DF8C8B600C353B0 /* iOS.xcassets */,
				EBB1AC3A1DF8C8B600C353B0 /* Landscape.storyboard */,
				EBB1AC3B1DF8C8B600C353B0 /* Mac-Info.plist */,
				EBB1AC3C1DF8C8B600C353B0 /* Mac.xcassets */,
				EBB1AC3D1DF8C8B600C353B0 /* Portrait.storyboard */,
			);
			path = Resources;
			sourceTree = "<group>";
		};
		EBB1AC351DF8C87400C353B0 /* Frameworks */ = {
			isa = PBXGroup;
			children = (
				EBB1AC371DF8C88000C353B0 /* iOS */,
				EBB1AC361DF8C87A00C353B0 /* Mac */,
			);
			name = Frameworks;
			sourceTree = "<group>";
		};
		EBB1AC361DF8C87A00C353B0 /* Mac */ = {
			isa = PBXGroup;
			children = (
				EBB1AC4E1DF8C94800C353B0 /* OpenGL.framework */,
				EBB1AC4C1DF8C94800C353B0 /* CoreAudio.framework */,
				EBC1476E1E280A56005494CE /* CoreGraphics.framework */,
				EBB1AC4D1DF8C94800C353B0 /* CoreVideo.framework */,
				EBB1AC441DF8C91C00C353B0 /* IOKit.framework */,
				EBC147701E280A68005494CE /* ImageIO.framework */,
				EBE28ECD1DFEDCFA00C059A7 /* AVFoundation.framework */,
				EBB1AC481DF8C92C00C353B0 /* AudioToolbox.framework */,
				EBB1AC491DF8C92C00C353B0 /* AudioUnit.framework */,
				EBB1AC521DF8C95400C353B0 /* Accelerate.framework */,
				EBB1AC541DF8C96100C353B0 /* Carbon.framework */,
				EBB1AC551DF8C96100C353B0 /* Cocoa.framework */,
				EBB1AC461DF8C92600C353B0 /* ForceFeedback.framework */,
			);
			name = Mac;
			sourceTree = "<group>";
		};
		EBB1AC371DF8C88000C353B0 /* iOS */ = {
			isa = PBXGroup;
			children = (
				EB2C21FC201D80D70090F94D /* AVFoundation.framework */,
				EB2C2201201D81000090F94D /* CoreGraphics.framework */,
				EB2C2203201D81000090F94D /* CoreMotion.framework */,
				EB2C2202201D81000090F94D /* ImageIO.framework */,
				EB2C2204201D81000090F94D /* MobileCoreServices.framework */,
				EB2C2205201D81010090F94D /* OpenGLES.framework */,
				EB2C2207201D81010090F94D /* Foundation.framework */,
				EB2C2209201D81010090F94D /* QuartzCore.framework */,
				EB2C220A201D81010090F94D /* UIKit.framework */,
				EB2C21FB201D80D60090F94D /* Accelerate.framework */,
				EB2C2206201D81010090F94D /* CoreVideo.framework */,
				EB2C2208201D81010090F94D /* GameController.framework */,
				EB2C21F9201D80D60090F94D /* AudioToolbox.framework */,
				EB2C21FA201D80D60090F94D /* CoreAudio.framework */,
			);
			name = iOS;
			sourceTree = "<group>";
		};
/* End PBXGroup section */

/* Begin PBXNativeTarget section */
		EBB1AC051DF8C6BC00C353B0 /* Ship Demo (Mac) */ = {
			isa = PBXNativeTarget;
			buildConfigurationList = EBB1AC171DF8C6BC00C353B0 /* Build configuration list for PBXNativeTarget "Ship Demo (Mac)" */;
			buildPhases = (
				EBB1AC021DF8C6BC00C353B0 /* Sources */,
				EBB1AC031DF8C6BC00C353B0 /* Frameworks */,
				EBB1AC041DF8C6BC00C353B0 /* Resources */,
			);
			buildRules = (
			);
			dependencies = (
			);
			name = "Ship Demo (Mac)";
			productName = "Ship Demo (Mac)";
			productReference = EBB1AC061DF8C6BC00C353B0 /* Ship Demo (Mac).app */;
			productType = "com.apple.product-type.application";
		};
		EBC147441E280687005494CE /* Ship Demo (iOS) */ = {
			isa = PBXNativeTarget;
			buildConfigurationList = EBC1475E1E280687005494CE /* Build configuration list for PBXNativeTarget "Ship Demo (iOS)" */;
			buildPhases = (
				EBC147411E280687005494CE /* Sources */,
				EBC147421E280687005494CE /* Frameworks */,
				EBC147431E280687005494CE /* Resources */,
			);
			buildRules = (
			);
			dependencies = (
			);
			name = "Ship Demo (iOS)";
			productName = "Ship Demo (iOS)";
			productReference = EBC147451E280687005494CE /* Ship Demo (iOS).app */;
			productType = "com.apple.product-type.application";
		};
/* End PBXNativeTarget section */

/* Begin PBXProject section */
		EBB1ABFE1DF8C6BC00C353B0 /* Project object */ = {
			isa = PBXProject;
			attributes = {
				LastUpgradeCheck = 0810;
				ORGANIZATIONNAME = "Cornell Game Design Initiative";
				TargetAttributes = {
					EBB1AC051DF8C6BC00C353B0 = {
						CreatedOnToolsVersion = 8.1;
						DevelopmentTeam = G6P7H83FK6;
						ProvisioningStyle = Automatic;
					};
					EBC147441E280687005494CE = {
						CreatedOnToolsVersion = 8.2.1;
						DevelopmentTeam = G6P7H83FK6;
						ProvisioningStyle = Automatic;
					};
				};
			};
			buildConfigurationList = EBB1AC011DF8C6BC00C353B0 /* Build configuration list for PBXProject "ShipDemo" */;
			compatibilityVersion = "Xcode 3.2";
			developmentRegion = English;
			hasScannedForEncodings = 0;
			knownRegions = (
				en,
				Base,
			);
			mainGroup = EBB1ABFD1DF8C6BC00C353B0;
			productRefGroup = EBB1AC071DF8C6BC00C353B0 /* Products */;
			projectDirPath = "";
			projectReferences = (
				{
					ProductGroup = EB2C21E7201D807A0090F94D /* Products */;
					ProjectRef = EB2C21E6201D807A0090F94D /* CUGL.xcodeproj */;
				},
			);
			projectRoot = "";
			targets = (
				EBB1AC051DF8C6BC00C353B0 /* Ship Demo (Mac) */,
				EBC147441E280687005494CE /* Ship Demo (iOS) */,
			);
		};
/* End PBXProject section */

/* Begin PBXReferenceProxy section */
		EB2C21EE201D807A0090F94D /* libcugl-mac.a */ = {
			isa = PBXReferenceProxy;
			fileType = archive.ar;
			path = "libcugl-mac.a";
			remoteRef = EB2C21ED201D807A0090F94D /* PBXContainerItemProxy */;
			sourceTree = BUILT_PRODUCTS_DIR;
		};
		EB2C21F0201D807A0090F94D /* libcugl-ios.a */ = {
			isa = PBXReferenceProxy;
			fileType = archive.ar;
			path = "libcugl-ios.a";
			remoteRef = EB2C21EF201D807A0090F94D /* PBXContainerItemProxy */;
			sourceTree = BUILT_PRODUCTS_DIR;
		};
		EB2C21F2201D807A0090F94D /* libcugl-sim.a */ = {
			isa = PBXReferenceProxy;
			fileType = archive.ar;
			path = "libcugl-sim.a";
			remoteRef = EB2C21F1201D807A0090F94D /* PBXContainerItemProxy */;
			sourceTree = BUILT_PRODUCTS_DIR;
		};
/* End PBXReferenceProxy section */

/* Begin PBXResourcesBuildPhase section */
		EBB1AC041DF8C6BC00C353B0 /* Resources */ = {
			isa = PBXResourcesBuildPhase;
			buildActionMask = 2147483647;
			files = (
				EB59D52E1E25281300A93BB5 /* fonts in Resources */,
				EB59D5301E25281300A93BB5 /* textures in Resources */,
				EB350D301E05CC6400820A6F /* Mac.xcassets in Resources */,
				EB59D52F1E25281300A93BB5 /* json in Resources */,
			);
			runOnlyForDeploymentPostprocessing = 0;
		};
		EBC147431E280687005494CE /* Resources */ = {
			isa = PBXResourcesBuildPhase;
			buildActionMask = 2147483647;
			files = (
				EBC147621E280820005494CE /* fonts in Resources */,
				EBC147631E280820005494CE /* json in Resources */,
				EBC147641E280820005494CE /* textures in Resources */,
				EBC147651E280820005494CE /* iOS.xcassets in Resources */,
				EBC147661E280820005494CE /* Landscape.storyboard in Resources */,
				EBC147671E280820005494CE /* Portrait.storyboard in Resources */,
			);
			runOnlyForDeploymentPostprocessing = 0;
		};
/* End PBXResourcesBuildPhase section */

/* Begin PBXSourcesBuildPhase section */
		EBB1AC021DF8C6BC00C353B0 /* Sources */ = {
			isa = PBXSourcesBuildPhase;
			buildActionMask = 2147483647;
			files = (
				EBB1AC2D1DF8C76D00C353B0 /* main.cpp in Sources */,
				EB59D5331E25282F00A93BB5 /* SDApp.cpp in Sources */,
				EB59D53A1E25398C00A93BB5 /* SDShipModel.cpp in Sources */,
				EB59D53D1E254A0300A93BB5 /* SDInput.cpp in Sources */,
				EB59D5401E255CD500A93BB5 /* SDLoadingScene.cpp in Sources */,
				EB59D5371E252F2900A93BB5 /* SDGameScene.cpp in Sources */,
			);
			runOnlyForDeploymentPostprocessing = 0;
		};
		EBC147411E280687005494CE /* Sources */ = {
			isa = PBXSourcesBuildPhase;
			buildActionMask = 2147483647;
			files = (
				EBC147681E280994005494CE /* main.cpp in Sources */,
				EBC147691E280994005494CE /* SDApp.cpp in Sources */,
				EBC1476B1E280994005494CE /* SDShipModel.cpp in Sources */,
				EBC1476C1E280994005494CE /* SDInput.cpp in Sources */,
				EBC1476A1E280994005494CE /* SDGameScene.cpp in Sources */,
				EBC1476D1E280994005494CE /* SDLoadingScene.cpp in Sources */,
			);
			runOnlyForDeploymentPostprocessing = 0;
		};
/* End PBXSourcesBuildPhase section */

/* Begin XCBuildConfiguration section */
		EBB1AC151DF8C6BC00C353B0 /* Debug */ = {
			isa = XCBuildConfiguration;
			buildSettings = {
				ALWAYS_SEARCH_USER_PATHS = NO;
				CLANG_ANALYZER_NONNULL = YES;
				CLANG_CXX_LANGUAGE_STANDARD = "c++0x";
				CLANG_CXX_LIBRARY = "libc++";
				CLANG_ENABLE_MODULES = NO;
				CLANG_ENABLE_OBJC_ARC = NO;
				CLANG_WARN_BOOL_CONVERSION = YES;
				CLANG_WARN_CONSTANT_CONVERSION = YES;
				CLANG_WARN_DIRECT_OBJC_ISA_USAGE = YES_ERROR;
				CLANG_WARN_DOCUMENTATION_COMMENTS = NO;
				CLANG_WARN_EMPTY_BODY = YES;
				CLANG_WARN_ENUM_CONVERSION = YES;
				CLANG_WARN_INFINITE_RECURSION = YES;
				CLANG_WARN_INT_CONVERSION = YES;
				CLANG_WARN_OBJC_ROOT_CLASS = YES_ERROR;
				CLANG_WARN_SUSPICIOUS_MOVES = YES;
				CLANG_WARN_UNREACHABLE_CODE = YES;
				CLANG_WARN__DUPLICATE_METHOD_MATCH = YES;
				CODE_SIGN_IDENTITY = "-";
				COPY_PHASE_STRIP = NO;
				CUGL_INCLUDES = "\"$(SRCROOT)/../cugl/include\"";
				DEBUG_INFORMATION_FORMAT = dwarf;
				ENABLE_STRICT_OBJC_MSGSEND = YES;
				ENABLE_TESTABILITY = YES;
				GCC_C_LANGUAGE_STANDARD = gnu99;
				GCC_DYNAMIC_NO_PIC = NO;
				GCC_NO_COMMON_BLOCKS = YES;
				GCC_OPTIMIZATION_LEVEL = 0;
				GCC_PREPROCESSOR_DEFINITIONS = (
					"DEBUG=1",
					"$(inherited)",
				);
				GCC_WARN_64_TO_32_BIT_CONVERSION = YES;
				GCC_WARN_ABOUT_RETURN_TYPE = YES_ERROR;
				GCC_WARN_UNDECLARED_SELECTOR = YES;
				GCC_WARN_UNINITIALIZED_AUTOS = YES_AGGRESSIVE;
				GCC_WARN_UNUSED_FUNCTION = YES;
				GCC_WARN_UNUSED_VARIABLE = YES;
				HEADER_SEARCH_PATHS = "$(CUGL_INCLUDES)";
				IPHONEOS_DEPLOYMENT_TARGET = 9.1;
				MACOSX_DEPLOYMENT_TARGET = 10.10;
				MTL_ENABLE_DEBUG_INFO = YES;
				ONLY_ACTIVE_ARCH = YES;
				PRODUCT_NAME = "$(TARGET_NAME)";
				SDKROOT = macosx;
			};
			name = Debug;
		};
		EBB1AC161DF8C6BC00C353B0 /* Release */ = {
			isa = XCBuildConfiguration;
			buildSettings = {
				ALWAYS_SEARCH_USER_PATHS = NO;
				CLANG_ANALYZER_NONNULL = YES;
				CLANG_CXX_LANGUAGE_STANDARD = "c++0x";
				CLANG_CXX_LIBRARY = "libc++";
				CLANG_ENABLE_MODULES = NO;
				CLANG_ENABLE_OBJC_ARC = NO;
				CLANG_WARN_BOOL_CONVERSION = YES;
				CLANG_WARN_CONSTANT_CONVERSION = YES;
				CLANG_WARN_DIRECT_OBJC_ISA_USAGE = YES_ERROR;
				CLANG_WARN_DOCUMENTATION_COMMENTS = NO;
				CLANG_WARN_EMPTY_BODY = YES;
				CLANG_WARN_ENUM_CONVERSION = YES;
				CLANG_WARN_INFINITE_RECURSION = YES;
				CLANG_WARN_INT_CONVERSION = YES;
				CLANG_WARN_OBJC_ROOT_CLASS = YES_ERROR;
				CLANG_WARN_SUSPICIOUS_MOVES = YES;
				CLANG_WARN_UNREACHABLE_CODE = YES;
				CLANG_WARN__DUPLICATE_METHOD_MATCH = YES;
				CODE_SIGN_IDENTITY = "-";
				COPY_PHASE_STRIP = NO;
				CUGL_INCLUDES = "\"$(SRCROOT)/../cugl/include\"";
				DEBUG_INFORMATION_FORMAT = "dwarf-with-dsym";
				ENABLE_NS_ASSERTIONS = NO;
				ENABLE_STRICT_OBJC_MSGSEND = YES;
				GCC_C_LANGUAGE_STANDARD = gnu99;
				GCC_NO_COMMON_BLOCKS = YES;
				GCC_WARN_64_TO_32_BIT_CONVERSION = YES;
				GCC_WARN_ABOUT_RETURN_TYPE = YES_ERROR;
				GCC_WARN_UNDECLARED_SELECTOR = YES;
				GCC_WARN_UNINITIALIZED_AUTOS = YES_AGGRESSIVE;
				GCC_WARN_UNUSED_FUNCTION = YES;
				GCC_WARN_UNUSED_VARIABLE = YES;
				HEADER_SEARCH_PATHS = "$(CUGL_INCLUDES)";
				IPHONEOS_DEPLOYMENT_TARGET = 9.1;
				MACOSX_DEPLOYMENT_TARGET = 10.10;
				MTL_ENABLE_DEBUG_INFO = NO;
				PRODUCT_NAME = "$(TARGET_NAME)";
				SDKROOT = macosx;
			};
			name = Release;
		};
		EBB1AC181DF8C6BC00C353B0 /* Debug */ = {
			isa = XCBuildConfiguration;
			buildSettings = {
				ASSETCATALOG_COMPILER_APPICON_NAME = AppIcon;
				COMBINE_HIDPI_IMAGES = YES;
				DEVELOPMENT_TEAM = G6P7H83FK6;
				INFOPLIST_FILE = "$(SRCROOT)/Resources/Mac-Info.plist";
				LD_RUNPATH_SEARCH_PATHS = "$(inherited) @executable_path/../Frameworks";
				MACOSX_DEPLOYMENT_TARGET = 10.10;
				PRODUCT_BUNDLE_IDENTIFIER = edu.cornell.gdiac.mac.ShipDemo;
			};
			name = Debug;
		};
		EBB1AC191DF8C6BC00C353B0 /* Release */ = {
			isa = XCBuildConfiguration;
			buildSettings = {
				ASSETCATALOG_COMPILER_APPICON_NAME = AppIcon;
				COMBINE_HIDPI_IMAGES = YES;
				DEVELOPMENT_TEAM = G6P7H83FK6;
				INFOPLIST_FILE = "$(SRCROOT)/Resources/Mac-Info.plist";
				LD_RUNPATH_SEARCH_PATHS = "$(inherited) @executable_path/../Frameworks";
				MACOSX_DEPLOYMENT_TARGET = 10.10;
				PRODUCT_BUNDLE_IDENTIFIER = edu.cornell.gdiac.mac.ShipDemo;
			};
			name = Release;
		};
		EBC147591E280687005494CE /* Debug */ = {
			isa = XCBuildConfiguration;
			buildSettings = {
				ASSETCATALOG_COMPILER_APPICON_NAME = AppIcon;
				CLANG_CXX_LANGUAGE_STANDARD = "c++0x";
				CLANG_ENABLE_MODULES = YES;
				CLANG_ENABLE_OBJC_ARC = YES;
				CLANG_WARN_DOCUMENTATION_COMMENTS = NO;
				CLANG_WARN_SUSPICIOUS_MOVE = NO;
				CODE_SIGN_IDENTITY = "iPhone Developer";
				"CODE_SIGN_IDENTITY[sdk=iphoneos*]" = "iPhone Developer";
				DEVELOPMENT_TEAM = G6P7H83FK6;
				ENABLE_BITCODE = NO;
				INFOPLIST_FILE = "$(SRCROOT)/Resources/iOS-Info.plist";
				IPHONEOS_DEPLOYMENT_TARGET = 9.1;
				LD_RUNPATH_SEARCH_PATHS = "$(inherited) @executable_path/Frameworks";
				MACOSX_DEPLOYMENT_TARGET = 10.10;
				PRODUCT_BUNDLE_IDENTIFIER = edu.cornell.gdiac.ios.ShipDemo;
				SDKROOT = iphoneos;
				TARGETED_DEVICE_FAMILY = "1,2";
			};
			name = Debug;
		};
		EBC1475A1E280687005494CE /* Release */ = {
			isa = XCBuildConfiguration;
			buildSettings = {
				ASSETCATALOG_COMPILER_APPICON_NAME = AppIcon;
				CLANG_CXX_LANGUAGE_STANDARD = "c++0x";
				CLANG_ENABLE_MODULES = YES;
				CLANG_ENABLE_OBJC_ARC = YES;
				CLANG_WARN_DOCUMENTATION_COMMENTS = NO;
				CLANG_WARN_SUSPICIOUS_MOVE = NO;
				CODE_SIGN_IDENTITY = "iPhone Developer";
				"CODE_SIGN_IDENTITY[sdk=iphoneos*]" = "iPhone Developer";
				DEVELOPMENT_TEAM = G6P7H83FK6;
				ENABLE_BITCODE = NO;
				INFOPLIST_FILE = "$(SRCROOT)/Resources/iOS-Info.plist";
				IPHONEOS_DEPLOYMENT_TARGET = 9.1;
				LD_RUNPATH_SEARCH_PATHS = "$(inherited) @executable_path/Frameworks";
				MACOSX_DEPLOYMENT_TARGET = 10.10;
				PRODUCT_BUNDLE_IDENTIFIER = edu.cornell.gdiac.ios.ShipDemo;
				SDKROOT = iphoneos;
				TARGETED_DEVICE_FAMILY = "1,2";
				VALIDATE_PRODUCT = YES;
			};
			name = Release;
		};
/* End XCBuildConfiguration section */

/* Begin XCConfigurationList section */
		EBB1AC011DF8C6BC00C353B0 /* Build configuration list for PBXProject "ShipDemo" */ = {
			isa = XCConfigurationList;
			buildConfigurations = (
				EBB1AC151DF8C6BC00C353B0 /* Debug */,
				EBB1AC161DF8C6BC00C353B0 /* Release */,
			);
			defaultConfigurationIsVisible = 0;
			defaultConfigurationName = Release;
		};
		EBB1AC171DF8C6BC00C353B0 /* Build configuration list for PBXNativeTarget "Ship Demo (Mac)" */ = {
			isa = XCConfigurationList;
			buildConfigurations = (
				EBB1AC181DF8C6BC00C353B0 /* Debug */,
				EBB1AC191DF8C6BC00C353B0 /* Release */,
			);
			defaultConfigurationIsVisible = 0;
			defaultConfigurationName = Release;
		};
		EBC1475E1E280687005494CE /* Build configuration list for PBXNativeTarget "Ship Demo (iOS)" */ = {
			isa = XCConfigurationList;
			buildConfigurations = (
				EBC147591E280687005494CE /* Debug */,
				EBC1475A1E280687005494CE /* Release */,
			);
			defaultConfigurationIsVisible = 0;
			defaultConfigurationName = Release;
		};
/* End XCConfigurationList section */
	};
	rootObject = EBB1ABFE1DF8C6BC00C353B0 /* Project object */;
}
